// !$*UTF8*$!
{
	archiveVersion = 1;
	classes = {
	};
	objectVersion = 46;
	objects = {

/* Begin PBXBuildFile section */
		5E590AE65A5441D087F10B4C /* libPods-WSPayDemo.a in Frameworks */ = {isa = PBXBuildFile; fileRef = 75877ACEA27DFDB8F87C343E /* libPods-WSPayDemo.a */; };
		6EC9E7811E8E66CF004A75C0 /* main.m in Sources */ = {isa = PBXBuildFile; fileRef = 6EC9E7801E8E66CF004A75C0 /* main.m */; };
		6EC9E7841E8E66CF004A75C0 /* AppDelegate.m in Sources */ = {isa = PBXBuildFile; fileRef = 6EC9E7831E8E66CF004A75C0 /* AppDelegate.m */; };
		6EC9E78C1E8E66CF004A75C0 /* Assets.xcassets in Resources */ = {isa = PBXBuildFile; fileRef = 6EC9E78B1E8E66CF004A75C0 /* Assets.xcassets */; };
		6EC9E7B41E8E67D5004A75C0 /* WSTestTableViewController.m in Sources */ = {isa = PBXBuildFile; fileRef = 6EC9E7B31E8E67D5004A75C0 /* WSTestTableViewController.m */; };
		6EC9E7BF1E8F3E54004A75C0 /* DCPaymentAlert.m in Sources */ = {isa = PBXBuildFile; fileRef = 6EC9E7BA1E8F3E54004A75C0 /* DCPaymentAlert.m */; };
		6EC9E7C01E8F3E54004A75C0 /* DCPaymentView.m in Sources */ = {isa = PBXBuildFile; fileRef = 6EC9E7BC1E8F3E54004A75C0 /* DCPaymentView.m */; };
		6EC9E7C11E8F3E54004A75C0 /* DCPwdTextField.m in Sources */ = {isa = PBXBuildFile; fileRef = 6EC9E7BE1E8F3E54004A75C0 /* DCPwdTextField.m */; };
		6EC9E7EC1E8F4877004A75C0 /* WSUsrHelper.m in Sources */ = {isa = PBXBuildFile; fileRef = 6EC9E7EB1E8F4877004A75C0 /* WSUsrHelper.m */; };
		6EC9E7EE1E8F48DE004A75C0 /* libc++.tbd in Frameworks */ = {isa = PBXBuildFile; fileRef = 6EC9E7ED1E8F48DE004A75C0 /* libc++.tbd */; };
		6EC9E7F01E8F48EA004A75C0 /* libz.tbd in Frameworks */ = {isa = PBXBuildFile; fileRef = 6EC9E7EF1E8F48EA004A75C0 /* libz.tbd */; };
		6EC9E7F21E8F48F5004A75C0 /* SystemConfiguration.framework in Frameworks */ = {isa = PBXBuildFile; fileRef = 6EC9E7F11E8F48F5004A75C0 /* SystemConfiguration.framework */; };
		6EC9E7F41E8F4902004A75C0 /* CoreTelephony.framework in Frameworks */ = {isa = PBXBuildFile; fileRef = 6EC9E7F31E8F4902004A75C0 /* CoreTelephony.framework */; };
		6EC9E7F61E8F4910004A75C0 /* QuartzCore.framework in Frameworks */ = {isa = PBXBuildFile; fileRef = 6EC9E7F51E8F4910004A75C0 /* QuartzCore.framework */; };
		6EC9E7F81E8F491A004A75C0 /* CoreText.framework in Frameworks */ = {isa = PBXBuildFile; fileRef = 6EC9E7F71E8F491A004A75C0 /* CoreText.framework */; };
		6EC9E7FA1E8F4925004A75C0 /* CoreGraphics.framework in Frameworks */ = {isa = PBXBuildFile; fileRef = 6EC9E7F91E8F4925004A75C0 /* CoreGraphics.framework */; };
		6EC9E7FC1E8F492F004A75C0 /* UIKit.framework in Frameworks */ = {isa = PBXBuildFile; fileRef = 6EC9E7FB1E8F492F004A75C0 /* UIKit.framework */; };
		6EC9E7FE1E8F4939004A75C0 /* Foundation.framework in Frameworks */ = {isa = PBXBuildFile; fileRef = 6EC9E7FD1E8F4939004A75C0 /* Foundation.framework */; };
		6EC9E8001E8F4942004A75C0 /* CFNetwork.framework in Frameworks */ = {isa = PBXBuildFile; fileRef = 6EC9E7FF1E8F4942004A75C0 /* CFNetwork.framework */; };
		6EC9E8021E8F4950004A75C0 /* CoreMotion.framework in Frameworks */ = {isa = PBXBuildFile; fileRef = 6EC9E8011E8F4950004A75C0 /* CoreMotion.framework */; };
		6EC9E8101E8F4CC2004A75C0 /* AlipaySDK.bundle in Resources */ = {isa = PBXBuildFile; fileRef = 6EC9E80E1E8F4CC2004A75C0 /* AlipaySDK.bundle */; };
		6EC9E8111E8F4CC2004A75C0 /* AlipaySDK.framework in Frameworks */ = {isa = PBXBuildFile; fileRef = 6EC9E80F1E8F4CC2004A75C0 /* AlipaySDK.framework */; };
		6EC9E8171E8F4CD8004A75C0 /* libWeChatSDK.a in Frameworks */ = {isa = PBXBuildFile; fileRef = 6EC9E8131E8F4CD8004A75C0 /* libWeChatSDK.a */; };
		6EC9E8191E8F4EFC004A75C0 /* libsqlite3.0.tbd in Frameworks */ = {isa = PBXBuildFile; fileRef = 6EC9E8181E8F4EFC004A75C0 /* libsqlite3.0.tbd */; };
		6EC9E81C1E8F6E43004A75C0 /* WSTradeHelper.m in Sources */ = {isa = PBXBuildFile; fileRef = 6EC9E81B1E8F6E43004A75C0 /* WSTradeHelper.m */; };
		6EC9E81F1E8F73E4004A75C0 /* WSWechatHelper.m in Sources */ = {isa = PBXBuildFile; fileRef = 6EC9E81E1E8F73E4004A75C0 /* WSWechatHelper.m */; };
/* End PBXBuildFile section */

/* Begin PBXContainerItemProxy section */
		6EC9E7961E8E66CF004A75C0 /* PBXContainerItemProxy */ = {
			isa = PBXContainerItemProxy;
			containerPortal = 6EC9E7741E8E66CF004A75C0 /* Project object */;
			proxyType = 1;
			remoteGlobalIDString = 6EC9E77B1E8E66CF004A75C0;
			remoteInfo = WSPayDemo;
		};
		6EC9E7A11E8E66CF004A75C0 /* PBXContainerItemProxy */ = {
			isa = PBXContainerItemProxy;
			containerPortal = 6EC9E7741E8E66CF004A75C0 /* Project object */;
			proxyType = 1;
			remoteGlobalIDString = 6EC9E77B1E8E66CF004A75C0;
			remoteInfo = WSPayDemo;
		};
/* End PBXContainerItemProxy section */

/* Begin PBXFileReference section */
		1BD65CD4E4511DD4484BA206 /* Pods-WSPayDemo.release.xcconfig */ = {isa = PBXFileReference; includeInIndex = 1; lastKnownFileType = text.xcconfig; name = "Pods-WSPayDemo.release.xcconfig"; path = "Pods/Target Support Files/Pods-WSPayDemo/Pods-WSPayDemo.release.xcconfig"; sourceTree = "<group>"; };
		59B0E59A875C33A28A6177FD /* Pods-WSPayDemo.debug.xcconfig */ = {isa = PBXFileReference; includeInIndex = 1; lastKnownFileType = text.xcconfig; name = "Pods-WSPayDemo.debug.xcconfig"; path = "Pods/Target Support Files/Pods-WSPayDemo/Pods-WSPayDemo.debug.xcconfig"; sourceTree = "<group>"; };
		6EC9E77C1E8E66CF004A75C0 /* WSPayDemo.app */ = {isa = PBXFileReference; explicitFileType = wrapper.application; includeInIndex = 0; path = WSPayDemo.app; sourceTree = BUILT_PRODUCTS_DIR; };
		6EC9E7801E8E66CF004A75C0 /* main.m */ = {isa = PBXFileReference; lastKnownFileType = sourcecode.c.objc; path = main.m; sourceTree = "<group>"; };
		6EC9E7821E8E66CF004A75C0 /* AppDelegate.h */ = {isa = PBXFileReference; lastKnownFileType = sourcecode.c.h; path = AppDelegate.h; sourceTree = "<group>"; };
		6EC9E7831E8E66CF004A75C0 /* AppDelegate.m */ = {isa = PBXFileReference; lastKnownFileType = sourcecode.c.objc; path = AppDelegate.m; sourceTree = "<group>"; };
		6EC9E78B1E8E66CF004A75C0 /* Assets.xcassets */ = {isa = PBXFileReference; lastKnownFileType = folder.assetcatalog; path = Assets.xcassets; sourceTree = "<group>"; };
		6EC9E7901E8E66CF004A75C0 /* Info.plist */ = {isa = PBXFileReference; lastKnownFileType = text.plist.xml; path = Info.plist; sourceTree = "<group>"; };
		6EC9E7951E8E66CF004A75C0 /* WSPayDemoTests.xctest */ = {isa = PBXFileReference; explicitFileType = wrapper.cfbundle; includeInIndex = 0; path = WSPayDemoTests.xctest; sourceTree = BUILT_PRODUCTS_DIR; };
		6EC9E7A01E8E66CF004A75C0 /* WSPayDemoUITests.xctest */ = {isa = PBXFileReference; explicitFileType = wrapper.cfbundle; includeInIndex = 0; path = WSPayDemoUITests.xctest; sourceTree = BUILT_PRODUCTS_DIR; };
		6EC9E7B21E8E67D5004A75C0 /* WSTestTableViewController.h */ = {isa = PBXFileReference; fileEncoding = 4; lastKnownFileType = sourcecode.c.h; path = WSTestTableViewController.h; sourceTree = "<group>"; };
		6EC9E7B31E8E67D5004A75C0 /* WSTestTableViewController.m */ = {isa = PBXFileReference; fileEncoding = 4; lastKnownFileType = sourcecode.c.objc; path = WSTestTableViewController.m; sourceTree = "<group>"; };
		6EC9E7B91E8F3E54004A75C0 /* DCPaymentAlert.h */ = {isa = PBXFileReference; fileEncoding = 4; lastKnownFileType = sourcecode.c.h; path = DCPaymentAlert.h; sourceTree = "<group>"; };
		6EC9E7BA1E8F3E54004A75C0 /* DCPaymentAlert.m */ = {isa = PBXFileReference; fileEncoding = 4; lastKnownFileType = sourcecode.c.objc; path = DCPaymentAlert.m; sourceTree = "<group>"; };
		6EC9E7BB1E8F3E54004A75C0 /* DCPaymentView.h */ = {isa = PBXFileReference; fileEncoding = 4; lastKnownFileType = sourcecode.c.h; path = DCPaymentView.h; sourceTree = "<group>"; };
		6EC9E7BC1E8F3E54004A75C0 /* DCPaymentView.m */ = {isa = PBXFileReference; fileEncoding = 4; lastKnownFileType = sourcecode.c.objc; path = DCPaymentView.m; sourceTree = "<group>"; };
		6EC9E7BD1E8F3E54004A75C0 /* DCPwdTextField.h */ = {isa = PBXFileReference; fileEncoding = 4; lastKnownFileType = sourcecode.c.h; path = DCPwdTextField.h; sourceTree = "<group>"; };
		6EC9E7BE1E8F3E54004A75C0 /* DCPwdTextField.m */ = {isa = PBXFileReference; fileEncoding = 4; lastKnownFileType = sourcecode.c.objc; path = DCPwdTextField.m; sourceTree = "<group>"; };
		6EC9E7EA1E8F4877004A75C0 /* WSUsrHelper.h */ = {isa = PBXFileReference; fileEncoding = 4; lastKnownFileType = sourcecode.c.h; path = WSUsrHelper.h; sourceTree = "<group>"; };
		6EC9E7EB1E8F4877004A75C0 /* WSUsrHelper.m */ = {isa = PBXFileReference; fileEncoding = 4; lastKnownFileType = sourcecode.c.objc; path = WSUsrHelper.m; sourceTree = "<group>"; };
		6EC9E7ED1E8F48DE004A75C0 /* libc++.tbd */ = {isa = PBXFileReference; lastKnownFileType = "sourcecode.text-based-dylib-definition"; name = "libc++.tbd"; path = "usr/lib/libc++.tbd"; sourceTree = SDKROOT; };
		6EC9E7EF1E8F48EA004A75C0 /* libz.tbd */ = {isa = PBXFileReference; lastKnownFileType = "sourcecode.text-based-dylib-definition"; name = libz.tbd; path = usr/lib/libz.tbd; sourceTree = SDKROOT; };
		6EC9E7F11E8F48F5004A75C0 /* SystemConfiguration.framework */ = {isa = PBXFileReference; lastKnownFileType = wrapper.framework; name = SystemConfiguration.framework; path = System/Library/Frameworks/SystemConfiguration.framework; sourceTree = SDKROOT; };
		6EC9E7F31E8F4902004A75C0 /* CoreTelephony.framework */ = {isa = PBXFileReference; lastKnownFileType = wrapper.framework; name = CoreTelephony.framework; path = System/Library/Frameworks/CoreTelephony.framework; sourceTree = SDKROOT; };
		6EC9E7F51E8F4910004A75C0 /* QuartzCore.framework */ = {isa = PBXFileReference; lastKnownFileType = wrapper.framework; name = QuartzCore.framework; path = System/Library/Frameworks/QuartzCore.framework; sourceTree = SDKROOT; };
		6EC9E7F71E8F491A004A75C0 /* CoreText.framework */ = {isa = PBXFileReference; lastKnownFileType = wrapper.framework; name = CoreText.framework; path = System/Library/Frameworks/CoreText.framework; sourceTree = SDKROOT; };
		6EC9E7F91E8F4925004A75C0 /* CoreGraphics.framework */ = {isa = PBXFileReference; lastKnownFileType = wrapper.framework; name = CoreGraphics.framework; path = System/Library/Frameworks/CoreGraphics.framework; sourceTree = SDKROOT; };
		6EC9E7FB1E8F492F004A75C0 /* UIKit.framework */ = {isa = PBXFileReference; lastKnownFileType = wrapper.framework; name = UIKit.framework; path = System/Library/Frameworks/UIKit.framework; sourceTree = SDKROOT; };
		6EC9E7FD1E8F4939004A75C0 /* Foundation.framework */ = {isa = PBXFileReference; lastKnownFileType = wrapper.framework; name = Foundation.framework; path = System/Library/Frameworks/Foundation.framework; sourceTree = SDKROOT; };
		6EC9E7FF1E8F4942004A75C0 /* CFNetwork.framework */ = {isa = PBXFileReference; lastKnownFileType = wrapper.framework; name = CFNetwork.framework; path = System/Library/Frameworks/CFNetwork.framework; sourceTree = SDKROOT; };
		6EC9E8011E8F4950004A75C0 /* CoreMotion.framework */ = {isa = PBXFileReference; lastKnownFileType = wrapper.framework; name = CoreMotion.framework; path = System/Library/Frameworks/CoreMotion.framework; sourceTree = SDKROOT; };
		6EC9E80E1E8F4CC2004A75C0 /* AlipaySDK.bundle */ = {isa = PBXFileReference; lastKnownFileType = "wrapper.plug-in"; path = AlipaySDK.bundle; sourceTree = "<group>"; };
		6EC9E80F1E8F4CC2004A75C0 /* AlipaySDK.framework */ = {isa = PBXFileReference; lastKnownFileType = wrapper.framework; path = AlipaySDK.framework; sourceTree = "<group>"; };
		6EC9E8131E8F4CD8004A75C0 /* libWeChatSDK.a */ = {isa = PBXFileReference; lastKnownFileType = archive.ar; path = libWeChatSDK.a; sourceTree = "<group>"; };
		6EC9E8141E8F4CD8004A75C0 /* WechatAuthSDK.h */ = {isa = PBXFileReference; fileEncoding = 4; lastKnownFileType = sourcecode.c.h; path = WechatAuthSDK.h; sourceTree = "<group>"; };
		6EC9E8151E8F4CD8004A75C0 /* WXApi.h */ = {isa = PBXFileReference; fileEncoding = 4; lastKnownFileType = sourcecode.c.h; path = WXApi.h; sourceTree = "<group>"; };
		6EC9E8161E8F4CD8004A75C0 /* WXApiObject.h */ = {isa = PBXFileReference; fileEncoding = 4; lastKnownFileType = sourcecode.c.h; path = WXApiObject.h; sourceTree = "<group>"; };
		6EC9E8181E8F4EFC004A75C0 /* libsqlite3.0.tbd */ = {isa = PBXFileReference; lastKnownFileType = "sourcecode.text-based-dylib-definition"; name = libsqlite3.0.tbd; path = usr/lib/libsqlite3.0.tbd; sourceTree = SDKROOT; };
		6EC9E81A1E8F6E43004A75C0 /* WSTradeHelper.h */ = {isa = PBXFileReference; fileEncoding = 4; lastKnownFileType = sourcecode.c.h; path = WSTradeHelper.h; sourceTree = "<group>"; };
		6EC9E81B1E8F6E43004A75C0 /* WSTradeHelper.m */ = {isa = PBXFileReference; fileEncoding = 4; lastKnownFileType = sourcecode.c.objc; path = WSTradeHelper.m; sourceTree = "<group>"; };
		6EC9E81D1E8F73E4004A75C0 /* WSWechatHelper.h */ = {isa = PBXFileReference; fileEncoding = 4; lastKnownFileType = sourcecode.c.h; path = WSWechatHelper.h; sourceTree = "<group>"; };
		6EC9E81E1E8F73E4004A75C0 /* WSWechatHelper.m */ = {isa = PBXFileReference; fileEncoding = 4; lastKnownFileType = sourcecode.c.objc; path = WSWechatHelper.m; sourceTree = "<group>"; };
		75877ACEA27DFDB8F87C343E /* libPods-WSPayDemo.a */ = {isa = PBXFileReference; explicitFileType = archive.ar; includeInIndex = 0; path = "libPods-WSPayDemo.a"; sourceTree = BUILT_PRODUCTS_DIR; };
/* End PBXFileReference section */

/* Begin PBXFrameworksBuildPhase section */
		6EC9E7791E8E66CF004A75C0 /* Frameworks */ = {
			isa = PBXFrameworksBuildPhase;
			buildActionMask = 2147483647;
			files = (
				6EC9E8191E8F4EFC004A75C0 /* libsqlite3.0.tbd in Frameworks */,
				6EC9E8171E8F4CD8004A75C0 /* libWeChatSDK.a in Frameworks */,
				6EC9E8021E8F4950004A75C0 /* CoreMotion.framework in Frameworks */,
				6EC9E8001E8F4942004A75C0 /* CFNetwork.framework in Frameworks */,
				6EC9E7FE1E8F4939004A75C0 /* Foundation.framework in Frameworks */,
				6EC9E7FC1E8F492F004A75C0 /* UIKit.framework in Frameworks */,
				6EC9E7FA1E8F4925004A75C0 /* CoreGraphics.framework in Frameworks */,
				6EC9E7F81E8F491A004A75C0 /* CoreText.framework in Frameworks */,
				6EC9E7F61E8F4910004A75C0 /* QuartzCore.framework in Frameworks */,
				6EC9E7F41E8F4902004A75C0 /* CoreTelephony.framework in Frameworks */,
				6EC9E7F21E8F48F5004A75C0 /* SystemConfiguration.framework in Frameworks */,
				6EC9E7F01E8F48EA004A75C0 /* libz.tbd in Frameworks */,
				6EC9E8111E8F4CC2004A75C0 /* AlipaySDK.framework in Frameworks */,
				6EC9E7EE1E8F48DE004A75C0 /* libc++.tbd in Frameworks */,
				5E590AE65A5441D087F10B4C /* libPods-WSPayDemo.a in Frameworks */,
			);
			runOnlyForDeploymentPostprocessing = 0;
		};
		6EC9E7921E8E66CF004A75C0 /* Frameworks */ = {
			isa = PBXFrameworksBuildPhase;
			buildActionMask = 2147483647;
			files = (
			);
			runOnlyForDeploymentPostprocessing = 0;
		};
		6EC9E79D1E8E66CF004A75C0 /* Frameworks */ = {
			isa = PBXFrameworksBuildPhase;
			buildActionMask = 2147483647;
			files = (
			);
			runOnlyForDeploymentPostprocessing = 0;
		};
/* End PBXFrameworksBuildPhase section */

/* Begin PBXGroup section */
		6EC9E7731E8E66CF004A75C0 = {
			isa = PBXGroup;
			children = (
				6EC9E77E1E8E66CF004A75C0 /* WSPayDemo */,
				6EC9E77D1E8E66CF004A75C0 /* Products */,
				77FDE08F739B146094ABCE09 /* Pods */,
				CD14EBD86EE73C53B33EB96D /* Frameworks */,
			);
			sourceTree = "<group>";
		};
		6EC9E77D1E8E66CF004A75C0 /* Products */ = {
			isa = PBXGroup;
			children = (
				6EC9E77C1E8E66CF004A75C0 /* WSPayDemo.app */,
				6EC9E7951E8E66CF004A75C0 /* WSPayDemoTests.xctest */,
				6EC9E7A01E8E66CF004A75C0 /* WSPayDemoUITests.xctest */,
			);
			name = Products;
			sourceTree = "<group>";
		};
		6EC9E77E1E8E66CF004A75C0 /* WSPayDemo */ = {
			isa = PBXGroup;
			children = (
				6EC9E7B71E8F3D7B004A75C0 /* Pay */,
				6EC9E7821E8E66CF004A75C0 /* AppDelegate.h */,
				6EC9E7831E8E66CF004A75C0 /* AppDelegate.m */,
				6EC9E7B21E8E67D5004A75C0 /* WSTestTableViewController.h */,
				6EC9E7B31E8E67D5004A75C0 /* WSTestTableViewController.m */,
				6EC9E77F1E8E66CF004A75C0 /* Supporting Files */,
			);
			path = WSPayDemo;
			sourceTree = "<group>";
		};
		6EC9E77F1E8E66CF004A75C0 /* Supporting Files */ = {
			isa = PBXGroup;
			children = (
				6EC9E78B1E8E66CF004A75C0 /* Assets.xcassets */,
				6EC9E7901E8E66CF004A75C0 /* Info.plist */,
				6EC9E7801E8E66CF004A75C0 /* main.m */,
			);
			name = "Supporting Files";
			sourceTree = "<group>";
		};
		6EC9E7B71E8F3D7B004A75C0 /* Pay */ = {
			isa = PBXGroup;
			children = (
				6EC9E8121E8F4CD8004A75C0 /* WechatSDK */,
				6EC9E80D1E8F4CC2004A75C0 /* AliPaySDK */,
				6EC9E7B81E8F3E41004A75C0 /* secretAlert */,
				6EC9E7EA1E8F4877004A75C0 /* WSUsrHelper.h */,
				6EC9E7EB1E8F4877004A75C0 /* WSUsrHelper.m */,
				6EC9E81A1E8F6E43004A75C0 /* WSTradeHelper.h */,
				6EC9E81B1E8F6E43004A75C0 /* WSTradeHelper.m */,
				6EC9E81D1E8F73E4004A75C0 /* WSWechatHelper.h */,
				6EC9E81E1E8F73E4004A75C0 /* WSWechatHelper.m */,
			);
			path = Pay;
			sourceTree = "<group>";
		};
		6EC9E7B81E8F3E41004A75C0 /* secretAlert */ = {
			isa = PBXGroup;
			children = (
				6EC9E7B91E8F3E54004A75C0 /* DCPaymentAlert.h */,
				6EC9E7BA1E8F3E54004A75C0 /* DCPaymentAlert.m */,
				6EC9E7BB1E8F3E54004A75C0 /* DCPaymentView.h */,
				6EC9E7BC1E8F3E54004A75C0 /* DCPaymentView.m */,
				6EC9E7BD1E8F3E54004A75C0 /* DCPwdTextField.h */,
				6EC9E7BE1E8F3E54004A75C0 /* DCPwdTextField.m */,
			);
			path = secretAlert;
			sourceTree = "<group>";
		};
		6EC9E80D1E8F4CC2004A75C0 /* AliPaySDK */ = {
			isa = PBXGroup;
			children = (
				6EC9E80E1E8F4CC2004A75C0 /* AlipaySDK.bundle */,
				6EC9E80F1E8F4CC2004A75C0 /* AlipaySDK.framework */,
			);
			path = AliPaySDK;
			sourceTree = "<group>";
		};
		6EC9E8121E8F4CD8004A75C0 /* WechatSDK */ = {
			isa = PBXGroup;
			children = (
				6EC9E8131E8F4CD8004A75C0 /* libWeChatSDK.a */,
				6EC9E8141E8F4CD8004A75C0 /* WechatAuthSDK.h */,
				6EC9E8151E8F4CD8004A75C0 /* WXApi.h */,
				6EC9E8161E8F4CD8004A75C0 /* WXApiObject.h */,
			);
			path = WechatSDK;
			sourceTree = "<group>";
		};
		77FDE08F739B146094ABCE09 /* Pods */ = {
			isa = PBXGroup;
			children = (
				59B0E59A875C33A28A6177FD /* Pods-WSPayDemo.debug.xcconfig */,
				1BD65CD4E4511DD4484BA206 /* Pods-WSPayDemo.release.xcconfig */,
			);
			name = Pods;
			sourceTree = "<group>";
		};
		CD14EBD86EE73C53B33EB96D /* Frameworks */ = {
			isa = PBXGroup;
			children = (
				6EC9E8181E8F4EFC004A75C0 /* libsqlite3.0.tbd */,
				6EC9E8011E8F4950004A75C0 /* CoreMotion.framework */,
				6EC9E7FF1E8F4942004A75C0 /* CFNetwork.framework */,
				6EC9E7FD1E8F4939004A75C0 /* Foundation.framework */,
				6EC9E7FB1E8F492F004A75C0 /* UIKit.framework */,
				6EC9E7F91E8F4925004A75C0 /* CoreGraphics.framework */,
				6EC9E7F71E8F491A004A75C0 /* CoreText.framework */,
				6EC9E7F51E8F4910004A75C0 /* QuartzCore.framework */,
				6EC9E7F31E8F4902004A75C0 /* CoreTelephony.framework */,
				6EC9E7F11E8F48F5004A75C0 /* SystemConfiguration.framework */,
				6EC9E7EF1E8F48EA004A75C0 /* libz.tbd */,
				6EC9E7ED1E8F48DE004A75C0 /* libc++.tbd */,
				75877ACEA27DFDB8F87C343E /* libPods-WSPayDemo.a */,
			);
			name = Frameworks;
			sourceTree = "<group>";
		};
/* End PBXGroup section */

/* Begin PBXNativeTarget section */
		6EC9E77B1E8E66CF004A75C0 /* WSPayDemo */ = {
			isa = PBXNativeTarget;
			buildConfigurationList = 6EC9E7A91E8E66CF004A75C0 /* Build configuration list for PBXNativeTarget "WSPayDemo" */;
			buildPhases = (
				8550D31C0D32533A4313D8B1 /* [CP] Check Pods Manifest.lock */,
				6EC9E7781E8E66CF004A75C0 /* Sources */,
				6EC9E7791E8E66CF004A75C0 /* Frameworks */,
				6EC9E77A1E8E66CF004A75C0 /* Resources */,
				242B6A8B55146867F88450DB /* [CP] Embed Pods Frameworks */,
				E83776E9F384596B22CBF5A0 /* [CP] Copy Pods Resources */,
			);
			buildRules = (
			);
			dependencies = (
			);
			name = WSPayDemo;
			productName = WSPayDemo;
			productReference = 6EC9E77C1E8E66CF004A75C0 /* WSPayDemo.app */;
			productType = "com.apple.product-type.application";
		};
		6EC9E7941E8E66CF004A75C0 /* WSPayDemoTests */ = {
			isa = PBXNativeTarget;
			buildConfigurationList = 6EC9E7AC1E8E66CF004A75C0 /* Build configuration list for PBXNativeTarget "WSPayDemoTests" */;
			buildPhases = (
				6EC9E7911E8E66CF004A75C0 /* Sources */,
				6EC9E7921E8E66CF004A75C0 /* Frameworks */,
				6EC9E7931E8E66CF004A75C0 /* Resources */,
			);
			buildRules = (
			);
			dependencies = (
				6EC9E7971E8E66CF004A75C0 /* PBXTargetDependency */,
			);
			name = WSPayDemoTests;
			productName = WSPayDemoTests;
			productReference = 6EC9E7951E8E66CF004A75C0 /* WSPayDemoTests.xctest */;
			productType = "com.apple.product-type.bundle.unit-test";
		};
		6EC9E79F1E8E66CF004A75C0 /* WSPayDemoUITests */ = {
			isa = PBXNativeTarget;
			buildConfigurationList = 6EC9E7AF1E8E66CF004A75C0 /* Build configuration list for PBXNativeTarget "WSPayDemoUITests" */;
			buildPhases = (
				6EC9E79C1E8E66CF004A75C0 /* Sources */,
				6EC9E79D1E8E66CF004A75C0 /* Frameworks */,
				6EC9E79E1E8E66CF004A75C0 /* Resources */,
			);
			buildRules = (
			);
			dependencies = (
				6EC9E7A21E8E66CF004A75C0 /* PBXTargetDependency */,
			);
			name = WSPayDemoUITests;
			productName = WSPayDemoUITests;
			productReference = 6EC9E7A01E8E66CF004A75C0 /* WSPayDemoUITests.xctest */;
			productType = "com.apple.product-type.bundle.ui-testing";
		};
/* End PBXNativeTarget section */

/* Begin PBXProject section */
		6EC9E7741E8E66CF004A75C0 /* Project object */ = {
			isa = PBXProject;
			attributes = {
				LastUpgradeCheck = 0820;
				ORGANIZATIONNAME = guojianfeng;
				TargetAttributes = {
					6EC9E77B1E8E66CF004A75C0 = {
						CreatedOnToolsVersion = 8.2.1;
						DevelopmentTeam = DQNM3Q63E9;
						ProvisioningStyle = Automatic;
					};
					6EC9E7941E8E66CF004A75C0 = {
						CreatedOnToolsVersion = 8.2.1;
						ProvisioningStyle = Automatic;
						TestTargetID = 6EC9E77B1E8E66CF004A75C0;
					};
					6EC9E79F1E8E66CF004A75C0 = {
						CreatedOnToolsVersion = 8.2.1;
						ProvisioningStyle = Automatic;
						TestTargetID = 6EC9E77B1E8E66CF004A75C0;
					};
				};
			};
			buildConfigurationList = 6EC9E7771E8E66CF004A75C0 /* Build configuration list for PBXProject "WSPayDemo" */;
			compatibilityVersion = "Xcode 3.2";
			developmentRegion = English;
			hasScannedForEncodings = 0;
			knownRegions = (
				en,
				Base,
			);
			mainGroup = 6EC9E7731E8E66CF004A75C0;
			productRefGroup = 6EC9E77D1E8E66CF004A75C0 /* Products */;
			projectDirPath = "";
			projectRoot = "";
			targets = (
				6EC9E77B1E8E66CF004A75C0 /* WSPayDemo */,
				6EC9E7941E8E66CF004A75C0 /* WSPayDemoTests */,
				6EC9E79F1E8E66CF004A75C0 /* WSPayDemoUITests */,
			);
		};
/* End PBXProject section */

/* Begin PBXResourcesBuildPhase section */
		6EC9E77A1E8E66CF004A75C0 /* Resources */ = {
			isa = PBXResourcesBuildPhase;
			buildActionMask = 2147483647;
			files = (
				6EC9E8101E8F4CC2004A75C0 /* AlipaySDK.bundle in Resources */,
				6EC9E78C1E8E66CF004A75C0 /* Assets.xcassets in Resources */,
			);
			runOnlyForDeploymentPostprocessing = 0;
		};
		6EC9E7931E8E66CF004A75C0 /* Resources */ = {
			isa = PBXResourcesBuildPhase;
			buildActionMask = 2147483647;
			files = (
			);
			runOnlyForDeploymentPostprocessing = 0;
		};
		6EC9E79E1E8E66CF004A75C0 /* Resources */ = {
			isa = PBXResourcesBuildPhase;
			buildActionMask = 2147483647;
			files = (
			);
			runOnlyForDeploymentPostprocessing = 0;
		};
/* End PBXResourcesBuildPhase section */

/* Begin PBXShellScriptBuildPhase section */
		242B6A8B55146867F88450DB /* [CP] Embed Pods Frameworks */ = {
			isa = PBXShellScriptBuildPhase;
			buildActionMask = 2147483647;
			files = (
			);
			inputPaths = (
			);
			name = "[CP] Embed Pods Frameworks";
			outputPaths = (
			);
			runOnlyForDeploymentPostprocessing = 0;
			shellPath = /bin/sh;
			shellScript = "\"${SRCROOT}/Pods/Target Support Files/Pods-WSPayDemo/Pods-WSPayDemo-frameworks.sh\"\n";
			showEnvVarsInLog = 0;
		};
		8550D31C0D32533A4313D8B1 /* [CP] Check Pods Manifest.lock */ = {
			isa = PBXShellScriptBuildPhase;
			buildActionMask = 2147483647;
			files = (
			);
			inputPaths = (
			);
			name = "[CP] Check Pods Manifest.lock";
			outputPaths = (
			);
			runOnlyForDeploymentPostprocessing = 0;
			shellPath = /bin/sh;
			shellScript = "diff \"${PODS_ROOT}/../Podfile.lock\" \"${PODS_ROOT}/Manifest.lock\" > /dev/null\nif [ $? != 0 ] ; then\n    # print error to STDERR\n    echo \"error: The sandbox is not in sync with the Podfile.lock. Run 'pod install' or update your CocoaPods installation.\" >&2\n    exit 1\nfi\n";
			showEnvVarsInLog = 0;
		};
		E83776E9F384596B22CBF5A0 /* [CP] Copy Pods Resources */ = {
			isa = PBXShellScriptBuildPhase;
			buildActionMask = 2147483647;
			files = (
			);
			inputPaths = (
			);
			name = "[CP] Copy Pods Resources";
			outputPaths = (
			);
			runOnlyForDeploymentPostprocessing = 0;
			shellPath = /bin/sh;
			shellScript = "\"${SRCROOT}/Pods/Target Support Files/Pods-WSPayDemo/Pods-WSPayDemo-resources.sh\"\n";
			showEnvVarsInLog = 0;
		};
/* End PBXShellScriptBuildPhase section */

/* Begin PBXSourcesBuildPhase section */
		6EC9E7781E8E66CF004A75C0 /* Sources */ = {
			isa = PBXSourcesBuildPhase;
			buildActionMask = 2147483647;
			files = (
				6EC9E81F1E8F73E4004A75C0 /* WSWechatHelper.m in Sources */,
				6EC9E7C11E8F3E54004A75C0 /* DCPwdTextField.m in Sources */,
				6EC9E7BF1E8F3E54004A75C0 /* DCPaymentAlert.m in Sources */,
				6EC9E7EC1E8F4877004A75C0 /* WSUsrHelper.m in Sources */,
				6EC9E7841E8E66CF004A75C0 /* AppDelegate.m in Sources */,
				6EC9E81C1E8F6E43004A75C0 /* WSTradeHelper.m in Sources */,
				6EC9E7C01E8F3E54004A75C0 /* DCPaymentView.m in Sources */,
				6EC9E7811E8E66CF004A75C0 /* main.m in Sources */,
				6EC9E7B41E8E67D5004A75C0 /* WSTestTableViewController.m in Sources */,
			);
			runOnlyForDeploymentPostprocessing = 0;
		};
		6EC9E7911E8E66CF004A75C0 /* Sources */ = {
			isa = PBXSourcesBuildPhase;
			buildActionMask = 2147483647;
			files = (
			);
			runOnlyForDeploymentPostprocessing = 0;
		};
		6EC9E79C1E8E66CF004A75C0 /* Sources */ = {
			isa = PBXSourcesBuildPhase;
			buildActionMask = 2147483647;
			files = (
			);
			runOnlyForDeploymentPostprocessing = 0;
		};
/* End PBXSourcesBuildPhase section */

/* Begin PBXTargetDependency section */
		6EC9E7971E8E66CF004A75C0 /* PBXTargetDependency */ = {
			isa = PBXTargetDependency;
			target = 6EC9E77B1E8E66CF004A75C0 /* WSPayDemo */;
			targetProxy = 6EC9E7961E8E66CF004A75C0 /* PBXContainerItemProxy */;
		};
		6EC9E7A21E8E66CF004A75C0 /* PBXTargetDependency */ = {
			isa = PBXTargetDependency;
			target = 6EC9E77B1E8E66CF004A75C0 /* WSPayDemo */;
			targetProxy = 6EC9E7A11E8E66CF004A75C0 /* PBXContainerItemProxy */;
		};
/* End PBXTargetDependency section */

/* Begin XCBuildConfiguration section */
		6EC9E7A71E8E66CF004A75C0 /* Debug */ = {
			isa = XCBuildConfiguration;
			buildSettings = {
				ALWAYS_SEARCH_USER_PATHS = NO;
				CLANG_ANALYZER_NONNULL = YES;
				CLANG_CXX_LANGUAGE_STANDARD = "gnu++0x";
				CLANG_CXX_LIBRARY = "libc++";
				CLANG_ENABLE_MODULES = YES;
				CLANG_ENABLE_OBJC_ARC = YES;
				CLANG_WARN_BOOL_CONVERSION = YES;
				CLANG_WARN_CONSTANT_CONVERSION = YES;
				CLANG_WARN_DIRECT_OBJC_ISA_USAGE = YES_ERROR;
				CLANG_WARN_DOCUMENTATION_COMMENTS = YES;
				CLANG_WARN_EMPTY_BODY = YES;
				CLANG_WARN_ENUM_CONVERSION = YES;
				CLANG_WARN_INFINITE_RECURSION = YES;
				CLANG_WARN_INT_CONVERSION = YES;
				CLANG_WARN_OBJC_ROOT_CLASS = YES_ERROR;
				CLANG_WARN_SUSPICIOUS_MOVE = YES;
				CLANG_WARN_UNREACHABLE_CODE = YES;
				CLANG_WARN__DUPLICATE_METHOD_MATCH = YES;
				"CODE_SIGN_IDENTITY[sdk=iphoneos*]" = "iPhone Developer";
				COPY_PHASE_STRIP = NO;
				DEBUG_INFORMATION_FORMAT = dwarf;
				ENABLE_STRICT_OBJC_MSGSEND = YES;
				ENABLE_TESTABILITY = YES;
				GCC_C_LANGUAGE_STANDARD = gnu99;
				GCC_DYNAMIC_NO_PIC = NO;
				GCC_NO_COMMON_BLOCKS = YES;
				GCC_OPTIMIZATION_LEVEL = 0;
				GCC_PREPROCESSOR_DEFINITIONS = (
					"DEBUG=1",
					"$(inherited)",
				);
				GCC_WARN_64_TO_32_BIT_CONVERSION = YES;
				GCC_WARN_ABOUT_RETURN_TYPE = YES_ERROR;
				GCC_WARN_UNDECLARED_SELECTOR = YES;
				GCC_WARN_UNINITIALIZED_AUTOS = YES_AGGRESSIVE;
				GCC_WARN_UNUSED_FUNCTION = YES;
				GCC_WARN_UNUSED_VARIABLE = YES;
				IPHONEOS_DEPLOYMENT_TARGET = 10.2;
				MTL_ENABLE_DEBUG_INFO = YES;
				ONLY_ACTIVE_ARCH = YES;
				SDKROOT = iphoneos;
				TARGETED_DEVICE_FAMILY = "1,2";
			};
			name = Debug;
		};
		6EC9E7A81E8E66CF004A75C0 /* Release */ = {
			isa = XCBuildConfiguration;
			buildSettings = {
				ALWAYS_SEARCH_USER_PATHS = NO;
				CLANG_ANALYZER_NONNULL = YES;
				CLANG_CXX_LANGUAGE_STANDARD = "gnu++0x";
				CLANG_CXX_LIBRARY = "libc++";
				CLANG_ENABLE_MODULES = YES;
				CLANG_ENABLE_OBJC_ARC = YES;
				CLANG_WARN_BOOL_CONVERSION = YES;
				CLANG_WARN_CONSTANT_CONVERSION = YES;
				CLANG_WARN_DIRECT_OBJC_ISA_USAGE = YES_ERROR;
				CLANG_WARN_DOCUMENTATION_COMMENTS = YES;
				CLANG_WARN_EMPTY_BODY = YES;
				CLANG_WARN_ENUM_CONVERSION = YES;
				CLANG_WARN_INFINITE_RECURSION = YES;
				CLANG_WARN_INT_CONVERSION = YES;
				CLANG_WARN_OBJC_ROOT_CLASS = YES_ERROR;
				CLANG_WARN_SUSPICIOUS_MOVE = YES;
				CLANG_WARN_UNREACHABLE_CODE = YES;
				CLANG_WARN__DUPLICATE_METHOD_MATCH = YES;
				"CODE_SIGN_IDENTITY[sdk=iphoneos*]" = "iPhone Developer";
				COPY_PHASE_STRIP = NO;
				DEBUG_INFORMATION_FORMAT = "dwarf-with-dsym";
				ENABLE_NS_ASSERTIONS = NO;
				ENABLE_STRICT_OBJC_MSGSEND = YES;
				GCC_C_LANGUAGE_STANDARD = gnu99;
				GCC_NO_COMMON_BLOCKS = YES;
				GCC_WARN_64_TO_32_BIT_CONVERSION = YES;
				GCC_WARN_ABOUT_RETURN_TYPE = YES_ERROR;
				GCC_WARN_UNDECLARED_SELECTOR = YES;
				GCC_WARN_UNINITIALIZED_AUTOS = YES_AGGRESSIVE;
				GCC_WARN_UNUSED_FUNCTION = YES;
				GCC_WARN_UNUSED_VARIABLE = YES;
				IPHONEOS_DEPLOYMENT_TARGET = 10.2;
				MTL_ENABLE_DEBUG_INFO = NO;
				SDKROOT = iphoneos;
				TARGETED_DEVICE_FAMILY = "1,2";
				VALIDATE_PRODUCT = YES;
			};
			name = Release;
		};
		6EC9E7AA1E8E66CF004A75C0 /* Debug */ = {
			isa = XCBuildConfiguration;
			baseConfigurationReference = 59B0E59A875C33A28A6177FD /* Pods-WSPayDemo.debug.xcconfig */;
			buildSettings = {
				ASSETCATALOG_COMPILER_APPICON_NAME = AppIcon;
				ASSETCATALOG_COMPILER_LAUNCHIMAGE_NAME = LaunchImage;
				"CODE_SIGN_IDENTITY[sdk=iphoneos*]" = "iPhone Developer";
				DEVELOPMENT_TEAM = DQNM3Q63E9;
				FRAMEWORK_SEARCH_PATHS = (
					"$(inherited)",
					"$(PROJECT_DIR)/WSPayDemo/Pay/AliPaySDK",
				);
				INFOPLIST_FILE = WSPayDemo/Info.plist;
				IPHONEOS_DEPLOYMENT_TARGET = 8.0;
				LD_RUNPATH_SEARCH_PATHS = "$(inherited) @executable_path/Frameworks";
				LIBRARY_SEARCH_PATHS = (
					"$(inherited)",
					"$(PROJECT_DIR)/WSPayDemo/Pay/WechatSDK",
				);
				PRODUCT_BUNDLE_IDENTIFIER = com.WSPayDemo.www;
				PRODUCT_NAME = "$(TARGET_NAME)";
			};
			name = Debug;
		};
		6EC9E7AB1E8E66CF004A75C0 /* Release */ = {
			isa = XCBuildConfiguration;
			baseConfigurationReference = 1BD65CD4E4511DD4484BA206 /* Pods-WSPayDemo.release.xcconfig */;
			buildSettings = {
				ASSETCATALOG_COMPILER_APPICON_NAME = AppIcon;
				ASSETCATALOG_COMPILER_LAUNCHIMAGE_NAME = LaunchImage;
				"CODE_SIGN_IDENTITY[sdk=iphoneos*]" = "iPhone Developer";
				DEVELOPMENT_TEAM = DQNM3Q63E9;
				FRAMEWORK_SEARCH_PATHS = (
					"$(inherited)",
					"$(PROJECT_DIR)/WSPayDemo/Pay/AliPaySDK",
				);
				INFOPLIST_FILE = WSPayDemo/Info.plist;
				IPHONEOS_DEPLOYMENT_TARGET = 8.0;
				LD_RUNPATH_SEARCH_PATHS = "$(inherited) @executable_path/Frameworks";
				LIBRARY_SEARCH_PATHS = (
					"$(inherited)",
					"$(PROJECT_DIR)/WSPayDemo/Pay/WechatSDK",
				);
				PRODUCT_BUNDLE_IDENTIFIER = com.WSPayDemo.www;
				PRODUCT_NAME = "$(TARGET_NAME)";
			};
			name = Release;
		};
		6EC9E7AD1E8E66CF004A75C0 /* Debug */ = {
			isa = XCBuildConfiguration;
			buildSettings = {
				BUNDLE_LOADER = "$(TEST_HOST)";
				INFOPLIST_FILE = WSPayDemoTests/Info.plist;
				LD_RUNPATH_SEARCH_PATHS = "$(inherited) @executable_path/Frameworks @loader_path/Frameworks";
				PRODUCT_BUNDLE_IDENTIFIER = com.WSPayDemoTests;
				PRODUCT_NAME = "$(TARGET_NAME)";
				TEST_HOST = "$(BUILT_PRODUCTS_DIR)/WSPayDemo.app/WSPayDemo";
			};
			name = Debug;
		};
		6EC9E7AE1E8E66CF004A75C0 /* Release */ = {
			isa = XCBuildConfiguration;
			buildSettings = {
				BUNDLE_LOADER = "$(TEST_HOST)";
				INFOPLIST_FILE = WSPayDemoTests/Info.plist;
				LD_RUNPATH_SEARCH_PATHS = "$(inherited) @executable_path/Frameworks @loader_path/Frameworks";
				PRODUCT_BUNDLE_IDENTIFIER = com.WSPayDemoTests;
				PRODUCT_NAME = "$(TARGET_NAME)";
				TEST_HOST = "$(BUILT_PRODUCTS_DIR)/WSPayDemo.app/WSPayDemo";
			};
			name = Release;
		};
		6EC9E7B01E8E66CF004A75C0 /* Debug */ = {
			isa = XCBuildConfiguration;
			buildSettings = {
				INFOPLIST_FILE = WSPayDemoUITests/Info.plist;
				LD_RUNPATH_SEARCH_PATHS = "$(inherited) @executable_path/Frameworks @loader_path/Frameworks";
				PRODUCT_BUNDLE_IDENTIFIER = com.WSPayDemoUITests;
				PRODUCT_NAME = "$(TARGET_NAME)";
				TEST_TARGET_NAME = WSPayDemo;
			};
			name = Debug;
		};
		6EC9E7B11E8E66CF004A75C0 /* Release */ = {
			isa = XCBuildConfiguration;
			buildSettings = {
				INFOPLIST_FILE = WSPayDemoUITests/Info.plist;
				LD_RUNPATH_SEARCH_PATHS = "$(inherited) @executable_path/Frameworks @loader_path/Frameworks";
				PRODUCT_BUNDLE_IDENTIFIER = com.WSPayDemoUITests;
				PRODUCT_NAME = "$(TARGET_NAME)";
				TEST_TARGET_NAME = WSPayDemo;
			};
			name = Release;
		};
/* End XCBuildConfiguration section */

/* Begin XCConfigurationList section */
		6EC9E7771E8E66CF004A75C0 /* Build configuration list for PBXProject "WSPayDemo" */ = {
			isa = XCConfigurationList;
			buildConfigurations = (
				6EC9E7A71E8E66CF004A75C0 /* Debug */,
				6EC9E7A81E8E66CF004A75C0 /* Release */,
			);
			defaultConfigurationIsVisible = 0;
			defaultConfigurationName = Release;
		};
		6EC9E7A91E8E66CF004A75C0 /* Build configuration list for PBXNativeTarget "WSPayDemo" */ = {
			isa = XCConfigurationList;
			buildConfigurations = (
				6EC9E7AA1E8E66CF004A75C0 /* Debug */,
				6EC9E7AB1E8E66CF004A75C0 /* Release */,
			);
			defaultConfigurationIsVisible = 0;
			defaultConfigurationName = Release;
		};
		6EC9E7AC1E8E66CF004A75C0 /* Build configuration list for PBXNativeTarget "WSPayDemoTests" */ = {
			isa = XCConfigurationList;
			buildConfigurations = (
				6EC9E7AD1E8E66CF004A75C0 /* Debug */,
				6EC9E7AE1E8E66CF004A75C0 /* Release */,
			);
			defaultConfigurationIsVisible = 0;
			defaultConfigurationName = Release;
		};
		6EC9E7AF1E8E66CF004A75C0 /* Build configuration list for PBXNativeTarget "WSPayDemoUITests" */ = {
			isa = XCConfigurationList;
			buildConfigurations = (
				6EC9E7B01E8E66CF004A75C0 /* Debug */,
				6EC9E7B11E8E66CF004A75C0 /* Release */,
			);
			defaultConfigurationIsVisible = 0;
			defaultConfigurationName = Release;
		};
/* End XCConfigurationList section */
	};
	rootObject = 6EC9E7741E8E66CF004A75C0 /* Project object */;
}
